
Microsoft Visual Studio Solution File, Format Version 12.00
# Visual Studio Version 16
VisualStudioVersion = 16.0.29230.47
MinimumVisualStudioVersion = 10.0.40219.1
Project("{FAE04EC0-301F-11D3-BF4B-00C04F79EFBC}") = "ComboBoxTest", "ComboBoxTest.csproj", "{833DF596-2318-45EB-92AD-18B65BA88ABE}"
EndProject
Global
	GlobalSection(SolutionConfigurationPlatforms) = preSolution
		Debug|Any CPU = Debug|Any CPU
		Release|Any CPU = Release|Any CPU
	EndGlobalSection
	GlobalSection(ProjectConfigurationPlatforms) = postSolution
		{833DF596-2318-45EB-92AD-18B65BA88ABE}.Debug|Any CPU.ActiveCfg = Debug|Any CPU
		{833DF596-2318-45EB-92AD-18B65BA88ABE}.Debug|Any CPU.Build.0 = Debug|Any CPU
		{833DF596-2318-45EB-92AD-18B65BA88ABE}.Release|Any CPU.ActiveCfg = Release|Any CPU
		{833DF596-2318-45EB-92AD-18B65BA88ABE}.Release|Any CPU.Build.0 = Release|Any CPU
	EndGlobalSection
	GlobalSection(SolutionProperties) = preSolution
		HideSolutionNode = FALSE
	EndGlobalSection
	GlobalSection(ExtensibilityGlobals) = postSolution
		SolutionGuid = {33D2B332-FC4D-46EA-94F3-9DBC86714AD9}
	EndGlobalSection
EndGlobal
